
Microsoft Visual Studio Solution File, Format Version 12.00
# Visual Studio Version 17
VisualStudioVersion = 17.5.33516.290
MinimumVisualStudioVersion = 10.0.40219.1
Project("{2150E333-8FDC-42A3-9474-1A3956D46DE8}") = "Shared", "Shared", "{08B90A5A-5985-44CA-B891-4414CD705F00}"
EndProject
Project("{9A19103F-16F7-4668-BE54-9A1E7A4F7556}") = "AzureFunctionApps.Contracts", "src\AzureFunctionApps.Contracts\AzureFunctionApps.Contracts.csproj", "{31FB6FEC-E498-4508-93A3-AB0B783F134C}"
EndProject
Project("{9A19103F-16F7-4668-BE54-9A1E7A4F7556}") = "AzureFunctionApps.Shared.FunctionApp", "src\AzureFunctionApps.Shared.FunctionApp\AzureFunctionApps.Shared.FunctionApp.csproj", "{C834B394-E59D-4150-A8B9-32E06E7C6A54}"
EndProject
Project("{9A19103F-16F7-4668-BE54-9A1E7A4F7556}") = "AzureFunctionApps.Shared.Validation", "src\AzureFunctionApps.Shared.Validation\AzureFunctionApps.Shared.Validation.csproj", "{436DD058-500C-424B-BC93-53F8C15D057B}"
EndProject
Project("{9A19103F-16F7-4668-BE54-9A1E7A4F7556}") = "AzureFunctionApps.Integrations", "src\AzureFunctionApps.Integrations\AzureFunctionApps.Integrations.csproj", "{E1D1F3F2-9508-430D-808C-128BD6F6C193}"
EndProject
Project("{9A19103F-16F7-4668-BE54-9A1E7A4F7556}") = "AzureFunctionApps.Integrations.Tests.Units", "tests\AzureFunctionApps.Integrations.Tests.Units\AzureFunctionApps.Integrations.Tests.Units.csproj", "{241EBF12-8CD0-47F6-9503-EE5F4B5D7CE8}"
EndProject
Project("{9A19103F-16F7-4668-BE54-9A1E7A4F7556}") = "AzureFunctionApps.Shared.Tests", "src\AzureFunctionApps.Shared.Tests\AzureFunctionApps.Shared.Tests.csproj", "{26439F3A-92DD-47A7-B074-3564CBDA0681}"
EndProject
Project("{9A19103F-16F7-4668-BE54-9A1E7A4F7556}") = "AzureFunctionApps.Shared.Kernel", "src\AzureFunctionApps.Shared.Kernel\AzureFunctionApps.Shared.Kernel.csproj", "{B13CCFAB-A1E7-4D68-B5B4-67B84AF70547}"
EndProject
Project("{2150E333-8FDC-42A3-9474-1A3956D46DE8}") = "Integrations", "Integrations", "{B08A5247-E2A6-4483-89F0-2C6FFC822B2B}"
EndProject
Project("{2150E333-8FDC-42A3-9474-1A3956D46DE8}") = "Tests", "Tests", "{2C28B916-DC8A-4362-9921-7F5DF5D5C8DF}"
EndProject
Project("{FAE04EC0-301F-11D3-BF4B-00C04F79EFBC}") = "AzureFunctionApps.Shared.Tests.Units", "tests\AzureFunctionApps.Shared.Tests.Units\AzureFunctionApps.Shared.Tests.Units.csproj", "{7B0557C6-1088-460F-A243-DD0F04777A80}"
EndProject
Global
	GlobalSection(SolutionConfigurationPlatforms) = preSolution
		Debug|Any CPU = Debug|Any CPU
		Release|Any CPU = Release|Any CPU
	EndGlobalSection
	GlobalSection(ProjectConfigurationPlatforms) = postSolution
		{31FB6FEC-E498-4508-93A3-AB0B783F134C}.Debug|Any CPU.ActiveCfg = Debug|Any CPU
		{31FB6FEC-E498-4508-93A3-AB0B783F134C}.Debug|Any CPU.Build.0 = Debug|Any CPU
		{31FB6FEC-E498-4508-93A3-AB0B783F134C}.Release|Any CPU.ActiveCfg = Release|Any CPU
		{31FB6FEC-E498-4508-93A3-AB0B783F134C}.Release|Any CPU.Build.0 = Release|Any CPU
		{C834B394-E59D-4150-A8B9-32E06E7C6A54}.Debug|Any CPU.ActiveCfg = Debug|Any CPU
		{C834B394-E59D-4150-A8B9-32E06E7C6A54}.Debug|Any CPU.Build.0 = Debug|Any CPU
		{C834B394-E59D-4150-A8B9-32E06E7C6A54}.Release|Any CPU.ActiveCfg = Release|Any CPU
		{C834B394-E59D-4150-A8B9-32E06E7C6A54}.Release|Any CPU.Build.0 = Release|Any CPU
		{436DD058-500C-424B-BC93-53F8C15D057B}.Debug|Any CPU.ActiveCfg = Debug|Any CPU
		{436DD058-500C-424B-BC93-53F8C15D057B}.Debug|Any CPU.Build.0 = Debug|Any CPU
		{436DD058-500C-424B-BC93-53F8C15D057B}.Release|Any CPU.ActiveCfg = Release|Any CPU
		{436DD058-500C-424B-BC93-53F8C15D057B}.Release|Any CPU.Build.0 = Release|Any CPU
		{E1D1F3F2-9508-430D-808C-128BD6F6C193}.Debug|Any CPU.ActiveCfg = Debug|Any CPU
		{E1D1F3F2-9508-430D-808C-128BD6F6C193}.Debug|Any CPU.Build.0 = Debug|Any CPU
		{E1D1F3F2-9508-430D-808C-128BD6F6C193}.Release|Any CPU.ActiveCfg = Release|Any CPU
		{E1D1F3F2-9508-430D-808C-128BD6F6C193}.Release|Any CPU.Build.0 = Release|Any CPU
		{241EBF12-8CD0-47F6-9503-EE5F4B5D7CE8}.Debug|Any CPU.ActiveCfg = Debug|Any CPU
		{241EBF12-8CD0-47F6-9503-EE5F4B5D7CE8}.Debug|Any CPU.Build.0 = Debug|Any CPU
		{241EBF12-8CD0-47F6-9503-EE5F4B5D7CE8}.Release|Any CPU.ActiveCfg = Release|Any CPU
		{241EBF12-8CD0-47F6-9503-EE5F4B5D7CE8}.Release|Any CPU.Build.0 = Release|Any CPU
		{26439F3A-92DD-47A7-B074-3564CBDA0681}.Debug|Any CPU.ActiveCfg = Debug|Any CPU
		{26439F3A-92DD-47A7-B074-3564CBDA0681}.Debug|Any CPU.Build.0 = Debug|Any CPU
		{26439F3A-92DD-47A7-B074-3564CBDA0681}.Release|Any CPU.ActiveCfg = Release|Any CPU
		{26439F3A-92DD-47A7-B074-3564CBDA0681}.Release|Any CPU.Build.0 = Release|Any CPU
		{B13CCFAB-A1E7-4D68-B5B4-67B84AF70547}.Debug|Any CPU.ActiveCfg = Debug|Any CPU
		{B13CCFAB-A1E7-4D68-B5B4-67B84AF70547}.Debug|Any CPU.Build.0 = Debug|Any CPU
		{B13CCFAB-A1E7-4D68-B5B4-67B84AF70547}.Release|Any CPU.ActiveCfg = Release|Any CPU
		{B13CCFAB-A1E7-4D68-B5B4-67B84AF70547}.Release|Any CPU.Build.0 = Release|Any CPU
		{7B0557C6-1088-460F-A243-DD0F04777A80}.Debug|Any CPU.ActiveCfg = Debug|Any CPU
		{7B0557C6-1088-460F-A243-DD0F04777A80}.Debug|Any CPU.Build.0 = Debug|Any CPU
		{7B0557C6-1088-460F-A243-DD0F04777A80}.Release|Any CPU.ActiveCfg = Release|Any CPU
		{7B0557C6-1088-460F-A243-DD0F04777A80}.Release|Any CPU.Build.0 = Release|Any CPU
	EndGlobalSection
	GlobalSection(SolutionProperties) = preSolution
		HideSolutionNode = FALSE
	EndGlobalSection
	GlobalSection(NestedProjects) = preSolution
		{31FB6FEC-E498-4508-93A3-AB0B783F134C} = {08B90A5A-5985-44CA-B891-4414CD705F00}
		{C834B394-E59D-4150-A8B9-32E06E7C6A54} = {08B90A5A-5985-44CA-B891-4414CD705F00}
		{436DD058-500C-424B-BC93-53F8C15D057B} = {08B90A5A-5985-44CA-B891-4414CD705F00}
		{E1D1F3F2-9508-430D-808C-128BD6F6C193} = {B08A5247-E2A6-4483-89F0-2C6FFC822B2B}
		{241EBF12-8CD0-47F6-9503-EE5F4B5D7CE8} = {2C28B916-DC8A-4362-9921-7F5DF5D5C8DF}
		{26439F3A-92DD-47A7-B074-3564CBDA0681} = {08B90A5A-5985-44CA-B891-4414CD705F00}
		{B13CCFAB-A1E7-4D68-B5B4-67B84AF70547} = {08B90A5A-5985-44CA-B891-4414CD705F00}
		{7B0557C6-1088-460F-A243-DD0F04777A80} = {2C28B916-DC8A-4362-9921-7F5DF5D5C8DF}
	EndGlobalSection
	GlobalSection(ExtensibilityGlobals) = postSolution
		SolutionGuid = {B4B21226-25A0-40DD-AC36-40C436EF19A1}
	EndGlobalSection
EndGlobal
